
Microsoft Visual Studio Solution File, Format Version 12.00
# Visual Studio 15
VisualStudioVersion = 15.0.28307.421
MinimumVisualStudioVersion = 10.0.40219.1
Project("{888888A0-9F3D-457C-B088-3A5042F75D52}") = "AudioConverter", "AudioConverter\AudioConverter.pyproj", "{093950CF-D884-49AC-B18E-8CC261718574}"
EndProject
Global
	GlobalSection(SolutionConfigurationPlatforms) = preSolution
		Debug|Any CPU = Debug|Any CPU
		Release|Any CPU = Release|Any CPU
	EndGlobalSection
	GlobalSection(ProjectConfigurationPlatforms) = postSolution
		{093950CF-D884-49AC-B18E-8CC261718574}.Debug|Any CPU.ActiveCfg = Debug|Any CPU
		{093950CF-D884-49AC-B18E-8CC261718574}.Release|Any CPU.ActiveCfg = Release|Any CPU
	EndGlobalSection
	GlobalSection(SolutionProperties) = preSolution
		HideSolutionNode = FALSE
	EndGlobalSection
	GlobalSection(ExtensibilityGlobals) = postSolution
		SolutionGuid = {B1508816-4BC4-482B-843A-B43817B5FBC7}
	EndGlobalSection
EndGlobal
